
Microsoft Visual Studio Solution File, Format Version 12.00
# Visual Studio Version 17
VisualStudioVersion = 17.9.34723.18
MinimumVisualStudioVersion = 10.0.40219.1
Project("{FAE04EC0-301F-11D3-BF4B-00C04F79EFBC}") = "ThucHanhBuoi7", "ThucHanhBuoi7.csproj", "{A112E35C-B306-4F52-B770-E415557F5886}"
EndProject
Global
	GlobalSection(SolutionConfigurationPlatforms) = preSolution
		Debug|Any CPU = Debug|Any CPU
		Release|Any CPU = Release|Any CPU
	EndGlobalSection
	GlobalSection(ProjectConfigurationPlatforms) = postSolution
		{A112E35C-B306-4F52-B770-E415557F5886}.Debug|Any CPU.ActiveCfg = Debug|Any CPU
		{A112E35C-B306-4F52-B770-E415557F5886}.Debug|Any CPU.Build.0 = Debug|Any CPU
		{A112E35C-B306-4F52-B770-E415557F5886}.Release|Any CPU.ActiveCfg = Release|Any CPU
		{A112E35C-B306-4F52-B770-E415557F5886}.Release|Any CPU.Build.0 = Release|Any CPU
	EndGlobalSection
	GlobalSection(SolutionProperties) = preSolution
		HideSolutionNode = FALSE
	EndGlobalSection
	GlobalSection(ExtensibilityGlobals) = postSolution
		SolutionGuid = {9C190307-02E6-4FA5-B6F0-E3D1C9A61E6E}
	EndGlobalSection
EndGlobal
