
Microsoft Visual Studio Solution File, Format Version 12.00
# Visual Studio Version 17
VisualStudioVersion = 17.9.34723.18
MinimumVisualStudioVersion = 10.0.40219.1
Project("{FAE04EC0-301F-11D3-BF4B-00C04F79EFBC}") = "QuanLiSanPham", "QuanLiSanPham.csproj", "{9CABB8E4-780D-4C8C-89D4-5898D52BDB14}"
EndProject
Global
	GlobalSection(SolutionConfigurationPlatforms) = preSolution
		Debug|Any CPU = Debug|Any CPU
		Release|Any CPU = Release|Any CPU
	EndGlobalSection
	GlobalSection(ProjectConfigurationPlatforms) = postSolution
		{9CABB8E4-780D-4C8C-89D4-5898D52BDB14}.Debug|Any CPU.ActiveCfg = Debug|Any CPU
		{9CABB8E4-780D-4C8C-89D4-5898D52BDB14}.Debug|Any CPU.Build.0 = Debug|Any CPU
		{9CABB8E4-780D-4C8C-89D4-5898D52BDB14}.Release|Any CPU.ActiveCfg = Release|Any CPU
		{9CABB8E4-780D-4C8C-89D4-5898D52BDB14}.Release|Any CPU.Build.0 = Release|Any CPU
	EndGlobalSection
	GlobalSection(SolutionProperties) = preSolution
		HideSolutionNode = FALSE
	EndGlobalSection
	GlobalSection(ExtensibilityGlobals) = postSolution
		SolutionGuid = {D39D9EE4-FA16-4D6C-A14A-DB41C7D58ECC}
	EndGlobalSection
EndGlobal
